# This file is autogenerated, do not edit; changes may be undone by the next 'dep ensure'.


[[projects]]
  branch = "master"
  digest = "1:79efb3c233322835594954b38c6878ed3778396ba55f7c3e5a24dd38c4170ecd"
  name = "github.com/cbergoon/merkletree"
  packages = ["."]
  pruneopts = "UT"
  revision = "05d5987faac48c14315189ed9c817cd312c5964f"

[solve-meta]
  analyzer-name = "dep"
  analyzer-version = 1
  input-imports = ["github.com/cbergoon/merkletree"]
  solver-name = "gps-cdcl"
  solver-version = 1
